
Microsoft Visual Studio Solution File, Format Version 12.00
# Visual Studio Version 17
VisualStudioVersion = 17.7.34024.191
MinimumVisualStudioVersion = 10.0.40219.1
Project("{FAE04EC0-301F-11D3-BF4B-00C04F79EFBC}") = "agendav2", "agendav2.csproj", "{443BC977-9DD9-433F-828B-715535BCB296}"
EndProject
Global
	GlobalSection(SolutionConfigurationPlatforms) = preSolution
		Debug|Any CPU = Debug|Any CPU
		Release|Any CPU = Release|Any CPU
	EndGlobalSection
	GlobalSection(ProjectConfigurationPlatforms) = postSolution
		{443BC977-9DD9-433F-828B-715535BCB296}.Debug|Any CPU.ActiveCfg = Debug|Any CPU
		{443BC977-9DD9-433F-828B-715535BCB296}.Debug|Any CPU.Build.0 = Debug|Any CPU
		{443BC977-9DD9-433F-828B-715535BCB296}.Release|Any CPU.ActiveCfg = Release|Any CPU
		{443BC977-9DD9-433F-828B-715535BCB296}.Release|Any CPU.Build.0 = Release|Any CPU
	EndGlobalSection
	GlobalSection(SolutionProperties) = preSolution
		HideSolutionNode = FALSE
	EndGlobalSection
	GlobalSection(ExtensibilityGlobals) = postSolution
		SolutionGuid = {E85546C9-1B59-4B5D-8D10-78D5C76C42E3}
	EndGlobalSection
EndGlobal
